
Microsoft Visual Studio Solution File, Format Version 12.00
# Visual Studio Version 17
VisualStudioVersion = 17.0.31717.71
MinimumVisualStudioVersion = 10.0.40219.1
Project("{9A19103F-16F7-4668-BE54-9A1E7A4F7556}") = "AutoServiceGeniralsMotors", "AutoServiceGeniralsMotors.csproj", "{B41258A6-2F85-4E36-8958-C541C1ECE17A}"
EndProject
Global
	GlobalSection(SolutionConfigurationPlatforms) = preSolution
		Debug|Any CPU = Debug|Any CPU
		Release|Any CPU = Release|Any CPU
	EndGlobalSection
	GlobalSection(ProjectConfigurationPlatforms) = postSolution
		{B41258A6-2F85-4E36-8958-C541C1ECE17A}.Debug|Any CPU.ActiveCfg = Debug|Any CPU
		{B41258A6-2F85-4E36-8958-C541C1ECE17A}.Debug|Any CPU.Build.0 = Debug|Any CPU
		{B41258A6-2F85-4E36-8958-C541C1ECE17A}.Release|Any CPU.ActiveCfg = Release|Any CPU
		{B41258A6-2F85-4E36-8958-C541C1ECE17A}.Release|Any CPU.Build.0 = Release|Any CPU
	EndGlobalSection
	GlobalSection(SolutionProperties) = preSolution
		HideSolutionNode = FALSE
	EndGlobalSection
	GlobalSection(ExtensibilityGlobals) = postSolution
		SolutionGuid = {2B09315B-4C0C-4D3D-A76D-AAB8FF4640C8}
	EndGlobalSection
EndGlobal
